
Microsoft Visual Studio Solution File, Format Version 12.00
# Visual Studio Version 17
VisualStudioVersion = 17.14.36414.22
MinimumVisualStudioVersion = 10.0.40219.1
Project("{FAE04EC0-301F-11D3-BF4B-00C04F79EFBC}") = "exo de c#", "exo de c#.csproj", "{379AA117-6F5F-439B-BCD2-43833D90970B}"
EndProject
Project("{FAE04EC0-301F-11D3-BF4B-00C04F79EFBC}") = "TestProject1", "..\TestProject1\TestProject1.csproj", "{17718070-7D56-4538-9789-701B1622F552}"
EndProject
Global
	GlobalSection(SolutionConfigurationPlatforms) = preSolution
		Debug|Any CPU = Debug|Any CPU
		Release|Any CPU = Release|Any CPU
	EndGlobalSection
	GlobalSection(ProjectConfigurationPlatforms) = postSolution
		{379AA117-6F5F-439B-BCD2-43833D90970B}.Debug|Any CPU.ActiveCfg = Debug|Any CPU
		{379AA117-6F5F-439B-BCD2-43833D90970B}.Debug|Any CPU.Build.0 = Debug|Any CPU
		{379AA117-6F5F-439B-BCD2-43833D90970B}.Release|Any CPU.ActiveCfg = Release|Any CPU
		{379AA117-6F5F-439B-BCD2-43833D90970B}.Release|Any CPU.Build.0 = Release|Any CPU
		{17718070-7D56-4538-9789-701B1622F552}.Debug|Any CPU.ActiveCfg = Debug|Any CPU
		{17718070-7D56-4538-9789-701B1622F552}.Debug|Any CPU.Build.0 = Debug|Any CPU
		{17718070-7D56-4538-9789-701B1622F552}.Release|Any CPU.ActiveCfg = Release|Any CPU
		{17718070-7D56-4538-9789-701B1622F552}.Release|Any CPU.Build.0 = Release|Any CPU
	EndGlobalSection
	GlobalSection(SolutionProperties) = preSolution
		HideSolutionNode = FALSE
	EndGlobalSection
	GlobalSection(ExtensibilityGlobals) = postSolution
		SolutionGuid = {C2AB79AA-47E4-4F56-BFCB-90F140D224E4}
	EndGlobalSection
EndGlobal
